
Microsoft Visual Studio Solution File, Format Version 12.00
# Visual Studio Version 16
VisualStudioVersion = 16.0.31729.503
MinimumVisualStudioVersion = 10.0.40219.1
Project("{9A19103F-16F7-4668-BE54-9A1E7A4F7556}") = "AppConsumer", "ApiConsumer\AppConsumer.csproj", "{3347BED6-43D1-4882-8482-9733504827B2}"
EndProject
Global
	GlobalSection(SolutionConfigurationPlatforms) = preSolution
		Debug|Any CPU = Debug|Any CPU
		Release|Any CPU = Release|Any CPU
	EndGlobalSection
	GlobalSection(ProjectConfigurationPlatforms) = postSolution
		{3347BED6-43D1-4882-8482-9733504827B2}.Debug|Any CPU.ActiveCfg = Debug|Any CPU
		{3347BED6-43D1-4882-8482-9733504827B2}.Debug|Any CPU.Build.0 = Debug|Any CPU
		{3347BED6-43D1-4882-8482-9733504827B2}.Release|Any CPU.ActiveCfg = Release|Any CPU
		{3347BED6-43D1-4882-8482-9733504827B2}.Release|Any CPU.Build.0 = Release|Any CPU
	EndGlobalSection
	GlobalSection(SolutionProperties) = preSolution
		HideSolutionNode = FALSE
	EndGlobalSection
	GlobalSection(ExtensibilityGlobals) = postSolution
		SolutionGuid = {1676AB99-057B-4445-9BEE-206C4678FBE7}
	EndGlobalSection
EndGlobal
